
Microsoft Visual Studio Solution File, Format Version 11.00
# Visual Studio 2010
Project("{FAE04EC0-301F-11D3-BF4B-00C04F79EFBC}") = "BDD_Tests", "BDD_Tests\BDD_Tests.csproj", "{2CF7A77D-D667-4B20-AD60-F66265077CA7}"
EndProject
Global
	GlobalSection(SolutionConfigurationPlatforms) = preSolution
		Debug|Any CPU = Debug|Any CPU
		Release|Any CPU = Release|Any CPU
	EndGlobalSection
	GlobalSection(ProjectConfigurationPlatforms) = postSolution
		{2CF7A77D-D667-4B20-AD60-F66265077CA7}.Debug|Any CPU.ActiveCfg = Debug|Any CPU
		{2CF7A77D-D667-4B20-AD60-F66265077CA7}.Debug|Any CPU.Build.0 = Debug|Any CPU
		{2CF7A77D-D667-4B20-AD60-F66265077CA7}.Release|Any CPU.ActiveCfg = Release|Any CPU
		{2CF7A77D-D667-4B20-AD60-F66265077CA7}.Release|Any CPU.Build.0 = Release|Any CPU
	EndGlobalSection
	GlobalSection(SolutionProperties) = preSolution
		HideSolutionNode = FALSE
	EndGlobalSection
EndGlobal
